// !$*UTF8*$!
{
	archiveVersion = 1;
	classes = {
	};
	objectVersion = 46;
	objects = {

/* Begin PBXBuildFile section */
		E774F9341E12AFE400B45C37 /* AppDelegate.swift in Sources */ = {isa = PBXBuildFile; fileRef = E774F9331E12AFE400B45C37 /* AppDelegate.swift */; };
		E774F9361E12AFE400B45C37 /* ViewController.swift in Sources */ = {isa = PBXBuildFile; fileRef = E774F9351E12AFE400B45C37 /* ViewController.swift */; };
		E774F9391E12AFE400B45C37 /* Main.storyboard in Resources */ = {isa = PBXBuildFile; fileRef = E774F9371E12AFE400B45C37 /* Main.storyboard */; };
		E774F93B1E12AFE400B45C37 /* Assets.xcassets in Resources */ = {isa = PBXBuildFile; fileRef = E774F93A1E12AFE400B45C37 /* Assets.xcassets */; };
		E774F93E1E12AFE400B45C37 /* LaunchScreen.storyboard in Resources */ = {isa = PBXBuildFile; fileRef = E774F93C1E12AFE400B45C37 /* LaunchScreen.storyboard */; };
		E774F9491E12B3B800B45C37 /* CircleButton.swift in Sources */ = {isa = PBXBuildFile; fileRef = E774F9481E12B3B800B45C37 /* CircleButton.swift */; };
		E774F94C1E12C4CA00B45C37 /* sample.m4a in Resources */ = {isa = PBXBuildFile; fileRef = E774F94B1E12C4CA00B45C37 /* sample.m4a */; };
/* End PBXBuildFile section */

/* Begin PBXFileReference section */
		E774F9301E12AFE400B45C37 /* Scribe.app */ = {isa = PBXFileReference; explicitFileType = wrapper.application; includeInIndex = 0; path = Scribe.app; sourceTree = BUILT_PRODUCTS_DIR; };
		E774F9331E12AFE400B45C37 /* AppDelegate.swift */ = {isa = PBXFileReference; lastKnownFileType = sourcecode.swift; path = AppDelegate.swift; sourceTree = "<group>"; };
		E774F9351E12AFE400B45C37 /* ViewController.swift */ = {isa = PBXFileReference; lastKnownFileType = sourcecode.swift; path = ViewController.swift; sourceTree = "<group>"; };
		E774F9381E12AFE400B45C37 /* Base */ = {isa = PBXFileReference; lastKnownFileType = file.storyboard; name = Base; path = Base.lproj/Main.storyboard; sourceTree = "<group>"; };
		E774F93A1E12AFE400B45C37 /* Assets.xcassets */ = {isa = PBXFileReference; lastKnownFileType = folder.assetcatalog; path = Assets.xcassets; sourceTree = "<group>"; };
		E774F93D1E12AFE400B45C37 /* Base */ = {isa = PBXFileReference; lastKnownFileType = file.storyboard; name = Base; path = Base.lproj/LaunchScreen.storyboard; sourceTree = "<group>"; };
		E774F93F1E12AFE400B45C37 /* Info.plist */ = {isa = PBXFileReference; lastKnownFileType = text.plist.xml; path = Info.plist; sourceTree = "<group>"; };
		E774F9481E12B3B800B45C37 /* CircleButton.swift */ = {isa = PBXFileReference; fileEncoding = 4; lastKnownFileType = sourcecode.swift; path = CircleButton.swift; sourceTree = "<group>"; };
		E774F94B1E12C4CA00B45C37 /* sample.m4a */ = {isa = PBXFileReference; lastKnownFileType = file; path = sample.m4a; sourceTree = "<group>"; };
/* End PBXFileReference section */

/* Begin PBXFrameworksBuildPhase section */
		E774F92D1E12AFE400B45C37 /* Frameworks */ = {
			isa = PBXFrameworksBuildPhase;
			buildActionMask = 2147483647;
			files = (
			);
			runOnlyForDeploymentPostprocessing = 0;
		};
/* End PBXFrameworksBuildPhase section */

/* Begin PBXGroup section */
		E774F9271E12AFE400B45C37 = {
			isa = PBXGroup;
			children = (
				E774F9321E12AFE400B45C37 /* Scribe */,
				E774F9311E12AFE400B45C37 /* Products */,
			);
			sourceTree = "<group>";
		};
		E774F9311E12AFE400B45C37 /* Products */ = {
			isa = PBXGroup;
			children = (
				E774F9301E12AFE400B45C37 /* Scribe.app */,
			);
			name = Products;
			sourceTree = "<group>";
		};
		E774F9321E12AFE400B45C37 /* Scribe */ = {
			isa = PBXGroup;
			children = (
				E774F9461E12B36900B45C37 /* Model */,
				E774F9471E12B36F00B45C37 /* View */,
				E774F9451E12B36200B45C37 /* Controller */,
				E774F94A1E12BFE800B45C37 /* Resources */,
				E774F9331E12AFE400B45C37 /* AppDelegate.swift */,
				E774F9371E12AFE400B45C37 /* Main.storyboard */,
				E774F93A1E12AFE400B45C37 /* Assets.xcassets */,
				E774F93C1E12AFE400B45C37 /* LaunchScreen.storyboard */,
				E774F93F1E12AFE400B45C37 /* Info.plist */,
			);
			path = Scribe;
			sourceTree = "<group>";
		};
		E774F9451E12B36200B45C37 /* Controller */ = {
			isa = PBXGroup;
			children = (
				E774F9351E12AFE400B45C37 /* ViewController.swift */,
			);
			name = Controller;
			sourceTree = "<group>";
		};
		E774F9461E12B36900B45C37 /* Model */ = {
			isa = PBXGroup;
			children = (
			);
			name = Model;
			sourceTree = "<group>";
		};
		E774F9471E12B36F00B45C37 /* View */ = {
			isa = PBXGroup;
			children = (
				E774F9481E12B3B800B45C37 /* CircleButton.swift */,
			);
			name = View;
			sourceTree = "<group>";
		};
		E774F94A1E12BFE800B45C37 /* Resources */ = {
			isa = PBXGroup;
			children = (
				E774F94B1E12C4CA00B45C37 /* sample.m4a */,
			);
			name = Resources;
			sourceTree = "<group>";
		};
/* End PBXGroup section */

/* Begin PBXNativeTarget section */
		E774F92F1E12AFE400B45C37 /* Scribe */ = {
			isa = PBXNativeTarget;
			buildConfigurationList = E774F9421E12AFE400B45C37 /* Build configuration list for PBXNativeTarget "Scribe" */;
			buildPhases = (
				E774F92C1E12AFE400B45C37 /* Sources */,
				E774F92D1E12AFE400B45C37 /* Frameworks */,
				E774F92E1E12AFE400B45C37 /* Resources */,
			);
			buildRules = (
			);
			dependencies = (
			);
			name = Scribe;
			productName = Scribe;
			productReference = E774F9301E12AFE400B45C37 /* Scribe.app */;
			productType = "com.apple.product-type.application";
		};
/* End PBXNativeTarget section */

/* Begin PBXProject section */
		E774F9281E12AFE400B45C37 /* Project object */ = {
			isa = PBXProject;
			attributes = {
				LastSwiftUpdateCheck = 0800;
				LastUpgradeCheck = 0800;
				ORGANIZATIONNAME = benzsjeanfrancois;
				TargetAttributes = {
					E774F92F1E12AFE400B45C37 = {
						CreatedOnToolsVersion = 8.0;
						ProvisioningStyle = Automatic;
					};
				};
			};
			buildConfigurationList = E774F92B1E12AFE400B45C37 /* Build configuration list for PBXProject "Scribe" */;
			compatibilityVersion = "Xcode 3.2";
			developmentRegion = English;
			hasScannedForEncodings = 0;
			knownRegions = (
				en,
				Base,
			);
			mainGroup = E774F9271E12AFE400B45C37;
			productRefGroup = E774F9311E12AFE400B45C37 /* Products */;
			projectDirPath = "";
			projectRoot = "";
			targets = (
				E774F92F1E12AFE400B45C37 /* Scribe */,
			);
		};
/* End PBXProject section */

/* Begin PBXResourcesBuildPhase section */
		E774F92E1E12AFE400B45C37 /* Resources */ = {
			isa = PBXResourcesBuildPhase;
			buildActionMask = 2147483647;
			files = (
				E774F94C1E12C4CA00B45C37 /* sample.m4a in Resources */,
				E774F93E1E12AFE400B45C37 /* LaunchScreen.storyboard in Resources */,
				E774F93B1E12AFE400B45C37 /* Assets.xcassets in Resources */,
				E774F9391E12AFE400B45C37 /* Main.storyboard in Resources */,
			);
			runOnlyForDeploymentPostprocessing = 0;
		};
/* End PBXResourcesBuildPhase section */

/* Begin PBXSourcesBuildPhase section */
		E774F92C1E12AFE400B45C37 /* Sources */ = {
			isa = PBXSourcesBuildPhase;
			buildActionMask = 2147483647;
			files = (
				E774F9491E12B3B800B45C37 /* CircleButton.swift in Sources */,
				E774F9361E12AFE400B45C37 /* ViewController.swift in Sources */,
				E774F9341E12AFE400B45C37 /* AppDelegate.swift in Sources */,
			);
			runOnlyForDeploymentPostprocessing = 0;
		};
/* End PBXSourcesBuildPhase section */

/* Begin PBXVariantGroup section */
		E774F9371E12AFE400B45C37 /* Main.storyboard */ = {
			isa = PBXVariantGroup;
			children = (
				E774F9381E12AFE400B45C37 /* Base */,
			);
			name = Main.storyboard;
			sourceTree = "<group>";
		};
		E774F93C1E12AFE400B45C37 /* LaunchScreen.storyboard */ = {
			isa = PBXVariantGroup;
			children = (
				E774F93D1E12AFE400B45C37 /* Base */,
			);
			name = LaunchScreen.storyboard;
			sourceTree = "<group>";
		};
/* End PBXVariantGroup section */

/* Begin XCBuildConfiguration section */
		E774F9401E12AFE400B45C37 /* Debug */ = {
			isa = XCBuildConfiguration;
			buildSettings = {
				ALWAYS_SEARCH_USER_PATHS = NO;
				CLANG_ANALYZER_NONNULL = YES;
				CLANG_CXX_LANGUAGE_STANDARD = "gnu++0x";
				CLANG_CXX_LIBRARY = "libc++";
				CLANG_ENABLE_MODULES = YES;
				CLANG_ENABLE_OBJC_ARC = YES;
				CLANG_WARN_BOOL_CONVERSION = YES;
				CLANG_WARN_CONSTANT_CONVERSION = YES;
				CLANG_WARN_DIRECT_OBJC_ISA_USAGE = YES_ERROR;
				CLANG_WARN_DOCUMENTATION_COMMENTS = YES;
				CLANG_WARN_EMPTY_BODY = YES;
				CLANG_WARN_ENUM_CONVERSION = YES;
				CLANG_WARN_INFINITE_RECURSION = YES;
				CLANG_WARN_INT_CONVERSION = YES;
				CLANG_WARN_OBJC_ROOT_CLASS = YES_ERROR;
				CLANG_WARN_SUSPICIOUS_MOVES = YES;
				CLANG_WARN_UNREACHABLE_CODE = YES;
				CLANG_WARN__DUPLICATE_METHOD_MATCH = YES;
				"CODE_SIGN_IDENTITY[sdk=iphoneos*]" = "iPhone Developer";
				COPY_PHASE_STRIP = NO;
				DEBUG_INFORMATION_FORMAT = dwarf;
				ENABLE_STRICT_OBJC_MSGSEND = YES;
				ENABLE_TESTABILITY = YES;
				GCC_C_LANGUAGE_STANDARD = gnu99;
				GCC_DYNAMIC_NO_PIC = NO;
				GCC_NO_COMMON_BLOCKS = YES;
				GCC_OPTIMIZATION_LEVEL = 0;
				GCC_PREPROCESSOR_DEFINITIONS = (
					"DEBUG=1",
					"$(inherited)",
				);
				GCC_WARN_64_TO_32_BIT_CONVERSION = YES;
				GCC_WARN_ABOUT_RETURN_TYPE = YES_ERROR;
				GCC_WARN_UNDECLARED_SELECTOR = YES;
				GCC_WARN_UNINITIALIZED_AUTOS = YES_AGGRESSIVE;
				GCC_WARN_UNUSED_FUNCTION = YES;
				GCC_WARN_UNUSED_VARIABLE = YES;
				IPHONEOS_DEPLOYMENT_TARGET = 10.0;
				MTL_ENABLE_DEBUG_INFO = YES;
				ONLY_ACTIVE_ARCH = YES;
				SDKROOT = iphoneos;
				SWIFT_ACTIVE_COMPILATION_CONDITIONS = DEBUG;
				SWIFT_OPTIMIZATION_LEVEL = "-Onone";
			};
			name = Debug;
		};
		E774F9411E12AFE400B45C37 /* Release */ = {
			isa = XCBuildConfiguration;
			buildSettings = {
				ALWAYS_SEARCH_USER_PATHS = NO;
				CLANG_ANALYZER_NONNULL = YES;
				CLANG_CXX_LANGUAGE_STANDARD = "gnu++0x";
				CLANG_CXX_LIBRARY = "libc++";
				CLANG_ENABLE_MODULES = YES;
				CLANG_ENABLE_OBJC_ARC = YES;
				CLANG_WARN_BOOL_CONVERSION = YES;
				CLANG_WARN_CONSTANT_CONVERSION = YES;
				CLANG_WARN_DIRECT_OBJC_ISA_USAGE = YES_ERROR;
				CLANG_WARN_DOCUMENTATION_COMMENTS = YES;
				CLANG_WARN_EMPTY_BODY = YES;
				CLANG_WARN_ENUM_CONVERSION = YES;
				CLANG_WARN_INFINITE_RECURSION = YES;
				CLANG_WARN_INT_CONVERSION = YES;
				CLANG_WARN_OBJC_ROOT_CLASS = YES_ERROR;
				CLANG_WARN_SUSPICIOUS_MOVES = YES;
				CLANG_WARN_UNREACHABLE_CODE = YES;
				CLANG_WARN__DUPLICATE_METHOD_MATCH = YES;
				"CODE_SIGN_IDENTITY[sdk=iphoneos*]" = "iPhone Developer";
				COPY_PHASE_STRIP = NO;
				DEBUG_INFORMATION_FORMAT = "dwarf-with-dsym";
				ENABLE_NS_ASSERTIONS = NO;
				ENABLE_STRICT_OBJC_MSGSEND = YES;
				GCC_C_LANGUAGE_STANDARD = gnu99;
				GCC_NO_COMMON_BLOCKS = YES;
				GCC_WARN_64_TO_32_BIT_CONVERSION = YES;
				GCC_WARN_ABOUT_RETURN_TYPE = YES_ERROR;
				GCC_WARN_UNDECLARED_SELECTOR = YES;
				GCC_WARN_UNINITIALIZED_AUTOS = YES_AGGRESSIVE;
				GCC_WARN_UNUSED_FUNCTION = YES;
				GCC_WARN_UNUSED_VARIABLE = YES;
				IPHONEOS_DEPLOYMENT_TARGET = 10.0;
				MTL_ENABLE_DEBUG_INFO = NO;
				SDKROOT = iphoneos;
				SWIFT_OPTIMIZATION_LEVEL = "-Owholemodule";
				VALIDATE_PRODUCT = YES;
			};
			name = Release;
		};
		E774F9431E12AFE400B45C37 /* Debug */ = {
			isa = XCBuildConfiguration;
			buildSettings = {
				ASSETCATALOG_COMPILER_APPICON_NAME = AppIcon;
				INFOPLIST_FILE = Scribe/Info.plist;
				LD_RUNPATH_SEARCH_PATHS = "$(inherited) @executable_path/Frameworks";
				PRODUCT_BUNDLE_IDENTIFIER = com.SlyTech.Scribe;
				PRODUCT_NAME = "$(TARGET_NAME)";
				SWIFT_VERSION = 3.0;
			};
			name = Debug;
		};
		E774F9441E12AFE400B45C37 /* Release */ = {
			isa = XCBuildConfiguration;
			buildSettings = {
				ASSETCATALOG_COMPILER_APPICON_NAME = AppIcon;
				INFOPLIST_FILE = Scribe/Info.plist;
				LD_RUNPATH_SEARCH_PATHS = "$(inherited) @executable_path/Frameworks";
				PRODUCT_BUNDLE_IDENTIFIER = com.SlyTech.Scribe;
				PRODUCT_NAME = "$(TARGET_NAME)";
				SWIFT_VERSION = 3.0;
			};
			name = Release;
		};
/* End XCBuildConfiguration section */

/* Begin XCConfigurationList section */
		E774F92B1E12AFE400B45C37 /* Build configuration list for PBXProject "Scribe" */ = {
			isa = XCConfigurationList;
			buildConfigurations = (
				E774F9401E12AFE400B45C37 /* Debug */,
				E774F9411E12AFE400B45C37 /* Release */,
			);
			defaultConfigurationIsVisible = 0;
			defaultConfigurationName = Release;
		};
		E774F9421E12AFE400B45C37 /* Build configuration list for PBXNativeTarget "Scribe" */ = {
			isa = XCConfigurationList;
			buildConfigurations = (
				E774F9431E12AFE400B45C37 /* Debug */,
				E774F9441E12AFE400B45C37 /* Release */,
			);
			defaultConfigurationIsVisible = 0;
		};
/* End XCConfigurationList section */
	};
	rootObject = E774F9281E12AFE400B45C37 /* Project object */;
}
